
Microsoft Visual Studio Solution File, Format Version 12.00
# Visual Studio Version 17
VisualStudioVersion = 17.5.002.0
MinimumVisualStudioVersion = 10.0.40219.1
Project("{9A19103F-16F7-4668-BE54-9A1E7A4F7556}") = "GodhomeRandomizer", "GodhomeRandomizer.csproj", "{4C051C1C-008D-49AA-8DC6-70F909BDF923}"
EndProject
Global
	GlobalSection(SolutionConfigurationPlatforms) = preSolution
		Debug|Any CPU = Debug|Any CPU
		Release|Any CPU = Release|Any CPU
	EndGlobalSection
	GlobalSection(ProjectConfigurationPlatforms) = postSolution
		{4C051C1C-008D-49AA-8DC6-70F909BDF923}.Debug|Any CPU.ActiveCfg = Debug|Any CPU
		{4C051C1C-008D-49AA-8DC6-70F909BDF923}.Debug|Any CPU.Build.0 = Debug|Any CPU
		{4C051C1C-008D-49AA-8DC6-70F909BDF923}.Release|Any CPU.ActiveCfg = Release|Any CPU
		{4C051C1C-008D-49AA-8DC6-70F909BDF923}.Release|Any CPU.Build.0 = Release|Any CPU
	EndGlobalSection
	GlobalSection(SolutionProperties) = preSolution
		HideSolutionNode = FALSE
	EndGlobalSection
	GlobalSection(ExtensibilityGlobals) = postSolution
		SolutionGuid = {3003BBDD-2E01-4870-AA9C-FCE3AE67C92B}
	EndGlobalSection
EndGlobal
